
Microsoft Visual Studio Solution File, Format Version 12.00
# Visual Studio 15
VisualStudioVersion = 15.0.28307.421
MinimumVisualStudioVersion = 10.0.40219.1
Project("{FAE04EC0-301F-11D3-BF4B-00C04F79EFBC}") = "CardinalScout2020", "CardinalScout2020\CardinalScout2020.csproj", "{30C317D7-0367-4825-AAE2-245B916C001D}"
EndProject
Project("{FAE04EC0-301F-11D3-BF4B-00C04F79EFBC}") = "CardinalScout2019", "CardinalScout2019\CardinalScout2019.csproj", "{66CE428B-5E3E-4603-B76F-FBC279EEA34F}"
EndProject
Global
	GlobalSection(SolutionConfigurationPlatforms) = preSolution
		Debug|Any CPU = Debug|Any CPU
		Release|Any CPU = Release|Any CPU
	EndGlobalSection
	GlobalSection(ProjectConfigurationPlatforms) = postSolution
		{30C317D7-0367-4825-AAE2-245B916C001D}.Debug|Any CPU.ActiveCfg = Debug|Any CPU
		{30C317D7-0367-4825-AAE2-245B916C001D}.Debug|Any CPU.Build.0 = Debug|Any CPU
		{30C317D7-0367-4825-AAE2-245B916C001D}.Debug|Any CPU.Deploy.0 = Debug|Any CPU
		{30C317D7-0367-4825-AAE2-245B916C001D}.Release|Any CPU.ActiveCfg = Release|Any CPU
		{30C317D7-0367-4825-AAE2-245B916C001D}.Release|Any CPU.Build.0 = Release|Any CPU
		{30C317D7-0367-4825-AAE2-245B916C001D}.Release|Any CPU.Deploy.0 = Release|Any CPU
		{66CE428B-5E3E-4603-B76F-FBC279EEA34F}.Debug|Any CPU.ActiveCfg = Debug|Any CPU
		{66CE428B-5E3E-4603-B76F-FBC279EEA34F}.Debug|Any CPU.Build.0 = Debug|Any CPU
		{66CE428B-5E3E-4603-B76F-FBC279EEA34F}.Debug|Any CPU.Deploy.0 = Debug|Any CPU
		{66CE428B-5E3E-4603-B76F-FBC279EEA34F}.Release|Any CPU.ActiveCfg = Release|Any CPU
		{66CE428B-5E3E-4603-B76F-FBC279EEA34F}.Release|Any CPU.Build.0 = Release|Any CPU
		{66CE428B-5E3E-4603-B76F-FBC279EEA34F}.Release|Any CPU.Deploy.0 = Release|Any CPU
	EndGlobalSection
	GlobalSection(SolutionProperties) = preSolution
		HideSolutionNode = FALSE
	EndGlobalSection
	GlobalSection(ExtensibilityGlobals) = postSolution
		SolutionGuid = {2F3306A3-5D26-4FF8-B166-EA5225697445}
	EndGlobalSection
EndGlobal
